
Microsoft Visual Studio Solution File, Format Version 11.00
# Visual Studio 2010
Project("{FAE04EC0-301F-11D3-BF4B-00C04F79EFBC}") = "DataAccess", "ClientDAL\DataAccess.csproj", "{EDB5F24C-B46B-46B3-B7F7-644BC9DA8648}"
EndProject
Project("{FAE04EC0-301F-11D3-BF4B-00C04F79EFBC}") = "PracticeManagementService", "PracticeManagementService\PracticeManagementService.csproj", "{7177AF0B-588F-4CD2-A174-5E2488DBD636}"
EndProject
Project("{FAE04EC0-301F-11D3-BF4B-00C04F79EFBC}") = "DataTransferObjects", "DataTransferObjects\DataTransferObjects.csproj", "{848EAE46-9397-439B-86BC-5799B366EF61}"
EndProject
Project("{FAE04EC0-301F-11D3-BF4B-00C04F79EFBC}") = "PracticeManagement", "PracticeManagement\PracticeManagement.csproj", "{1C760F31-B468-4F6B-AB45-7EF0BB7CAB9B}"
	ProjectSection(ProjectDependencies) = postProject
		{7177AF0B-588F-4CD2-A174-5E2488DBD636} = {7177AF0B-588F-4CD2-A174-5E2488DBD636}
	EndProjectSection
EndProject
Project("{C8D11400-126E-41CD-887F-60BD40844F9E}") = "PracticeManagementDatabase", "PracticeManagementDatabase\PracticeManagementDatabase.dbproj", "{67CBC824-A49E-4E9B-A947-360F3DFE65C3}"
EndProject
Project("{CC5FD16D-436D-48AD-A40C-5A424C6E3E79}") = "PMWebAzureService", "PMWebAzureService\PMWebAzureService.ccproj", "{194AB1D3-45A9-4B60-B9A0-03CAA749331C}"
EndProject
Project("{CC5FD16D-436D-48AD-A40C-5A424C6E3E79}") = "DEVAzureService", "DEVAzureService\DEVAzureService.ccproj", "{E4D89D48-041A-4E7B-90FE-960ECB08210A}"
EndProject
Project("{FAE04EC0-301F-11D3-BF4B-00C04F79EFBC}") = "UpdatePracticeAndSeniority", "UpdatePracticeAndSeniority\UpdatePracticeAndSeniority.csproj", "{C185415D-8756-4F35-B512-61E785062658}"
EndProject
Project("{CC5FD16D-436D-48AD-A40C-5A424C6E3E79}") = "DEVAzureSchedular", "DEVAzureSchedular\DEVAzureSchedular.ccproj", "{7E015574-4086-44CC-9CAE-97C03A296330}"
EndProject
Project("{CC5FD16D-436D-48AD-A40C-5A424C6E3E79}") = "PMAzureSchedular", "PMAzureSchedular\PMAzureSchedular.ccproj", "{243269A9-1061-40B4-886A-4549FE156554}"
EndProject
Global
	GlobalSection(SourceCodeControl) = preSolution
		SccNumberOfProjects = 11
		SccProjectName0 = SurroundSCMScci
		SccLocalPath0 = ..
		SccProvider0 = MSSCCI:Surround\u0020SCM
		SccProjectFilePathRelativizedFromConnection0 = PM\\
		SccProjectUniqueName1 = ClientDAL\\DataAccess.csproj
		SccLocalPath1 = ..
		SccProjectFilePathRelativizedFromConnection1 = PM\\ClientDAL\\
		SccProjectUniqueName2 = PracticeManagementService\\PracticeManagementService.csproj
		SccLocalPath2 = ..
		SccProjectFilePathRelativizedFromConnection2 = PM\\PracticeManagementService\\
		SccProjectUniqueName3 = DataTransferObjects\\DataTransferObjects.csproj
		SccLocalPath3 = ..
		SccProjectFilePathRelativizedFromConnection3 = PM\\DataTransferObjects\\
		SccProjectUniqueName4 = PracticeManagement\\PracticeManagement.csproj
		SccLocalPath4 = ..
		SccProjectFilePathRelativizedFromConnection4 = PM\\PracticeManagement\\
		SccProjectUniqueName5 = PracticeManagementDatabase\\PracticeManagementDatabase.dbproj
		SccLocalPath5 = ..
		SccProjectFilePathRelativizedFromConnection5 = PM\\PracticeManagementDatabase\\
		SccProjectUniqueName6 = PMWebAzureService\\PMWebAzureService.ccproj
		SccLocalPath6 = ..
		SccProjectFilePathRelativizedFromConnection6 = PM\\PMWebAzureService\\
		SccProjectUniqueName7 = DEVAzureService\\DEVAzureService.ccproj
		SccLocalPath7 = ..
		SccProjectFilePathRelativizedFromConnection7 = PM\\DEVAzureService\\
		SccProjectUniqueName8 = UpdatePracticeAndSeniority\\UpdatePracticeAndSeniority.csproj
		SccLocalPath8 = ..
		SccProjectFilePathRelativizedFromConnection8 = PM\\UpdatePracticeAndSeniority\\
		SccProjectUniqueName9 = PMAzureSchedular\\PMAzureSchedular.ccproj
		SccLocalPath9 = ..
		SccProjectFilePathRelativizedFromConnection9 = PM\\PMAzureSchedular\\
		SccProjectUniqueName10 = DEVAzureSchedular\\DEVAzureSchedular.ccproj
		SccLocalPath10 = ..
		SccProjectFilePathRelativizedFromConnection10 = PM\\DEVAzureSchedular\\
	EndGlobalSection
	GlobalSection(SolutionConfigurationPlatforms) = preSolution
		Debug|Any CPU = Debug|Any CPU
		Debug|Mixed Platforms = Debug|Mixed Platforms
		Debug|x86 = Debug|x86
		GGK|Any CPU = GGK|Any CPU
		GGK|Mixed Platforms = GGK|Mixed Platforms
		GGK|x86 = GGK|x86
		Release|Any CPU = Release|Any CPU
		Release|Mixed Platforms = Release|Mixed Platforms
		Release|x86 = Release|x86
		Staging|Any CPU = Staging|Any CPU
		Staging|Mixed Platforms = Staging|Mixed Platforms
		Staging|x86 = Staging|x86
	EndGlobalSection
	GlobalSection(ProjectConfigurationPlatforms) = postSolution
		{EDB5F24C-B46B-46B3-B7F7-644BC9DA8648}.Debug|Any CPU.ActiveCfg = Debug|Any CPU
		{EDB5F24C-B46B-46B3-B7F7-644BC9DA8648}.Debug|Any CPU.Build.0 = Debug|Any CPU
		{EDB5F24C-B46B-46B3-B7F7-644BC9DA8648}.Debug|Mixed Platforms.ActiveCfg = Debug|Any CPU
		{EDB5F24C-B46B-46B3-B7F7-644BC9DA8648}.Debug|Mixed Platforms.Build.0 = Debug|Any CPU
		{EDB5F24C-B46B-46B3-B7F7-644BC9DA8648}.Debug|x86.ActiveCfg = Debug|Any CPU
		{EDB5F24C-B46B-46B3-B7F7-644BC9DA8648}.GGK|Any CPU.ActiveCfg = Staging|Any CPU
		{EDB5F24C-B46B-46B3-B7F7-644BC9DA8648}.GGK|Any CPU.Build.0 = Staging|Any CPU
		{EDB5F24C-B46B-46B3-B7F7-644BC9DA8648}.GGK|Mixed Platforms.ActiveCfg = Staging|Any CPU
		{EDB5F24C-B46B-46B3-B7F7-644BC9DA8648}.GGK|Mixed Platforms.Build.0 = Staging|Any CPU
		{EDB5F24C-B46B-46B3-B7F7-644BC9DA8648}.GGK|x86.ActiveCfg = Staging|Any CPU
		{EDB5F24C-B46B-46B3-B7F7-644BC9DA8648}.Release|Any CPU.ActiveCfg = Release|Any CPU
		{EDB5F24C-B46B-46B3-B7F7-644BC9DA8648}.Release|Any CPU.Build.0 = Release|Any CPU
		{EDB5F24C-B46B-46B3-B7F7-644BC9DA8648}.Release|Mixed Platforms.ActiveCfg = Release|Any CPU
		{EDB5F24C-B46B-46B3-B7F7-644BC9DA8648}.Release|Mixed Platforms.Build.0 = Release|Any CPU
		{EDB5F24C-B46B-46B3-B7F7-644BC9DA8648}.Release|x86.ActiveCfg = Release|Any CPU
		{EDB5F24C-B46B-46B3-B7F7-644BC9DA8648}.Staging|Any CPU.ActiveCfg = Staging|Any CPU
		{EDB5F24C-B46B-46B3-B7F7-644BC9DA8648}.Staging|Any CPU.Build.0 = Staging|Any CPU
		{EDB5F24C-B46B-46B3-B7F7-644BC9DA8648}.Staging|Mixed Platforms.ActiveCfg = Staging|Any CPU
		{EDB5F24C-B46B-46B3-B7F7-644BC9DA8648}.Staging|Mixed Platforms.Build.0 = Staging|Any CPU
		{EDB5F24C-B46B-46B3-B7F7-644BC9DA8648}.Staging|x86.ActiveCfg = Staging|Any CPU
		{7177AF0B-588F-4CD2-A174-5E2488DBD636}.Debug|Any CPU.ActiveCfg = Debug|Any CPU
		{7177AF0B-588F-4CD2-A174-5E2488DBD636}.Debug|Any CPU.Build.0 = Debug|Any CPU
		{7177AF0B-588F-4CD2-A174-5E2488DBD636}.Debug|Mixed Platforms.ActiveCfg = Debug|Any CPU
		{7177AF0B-588F-4CD2-A174-5E2488DBD636}.Debug|Mixed Platforms.Build.0 = Debug|Any CPU
		{7177AF0B-588F-4CD2-A174-5E2488DBD636}.Debug|x86.ActiveCfg = Debug|Any CPU
		{7177AF0B-588F-4CD2-A174-5E2488DBD636}.GGK|Any CPU.ActiveCfg = Staging|Any CPU
		{7177AF0B-588F-4CD2-A174-5E2488DBD636}.GGK|Any CPU.Build.0 = Staging|Any CPU
		{7177AF0B-588F-4CD2-A174-5E2488DBD636}.GGK|Mixed Platforms.ActiveCfg = Debug|Any CPU
		{7177AF0B-588F-4CD2-A174-5E2488DBD636}.GGK|Mixed Platforms.Build.0 = Debug|Any CPU
		{7177AF0B-588F-4CD2-A174-5E2488DBD636}.GGK|x86.ActiveCfg = Staging|Any CPU
		{7177AF0B-588F-4CD2-A174-5E2488DBD636}.Release|Any CPU.ActiveCfg = Release|Any CPU
		{7177AF0B-588F-4CD2-A174-5E2488DBD636}.Release|Any CPU.Build.0 = Release|Any CPU
		{7177AF0B-588F-4CD2-A174-5E2488DBD636}.Release|Mixed Platforms.ActiveCfg = Release|Any CPU
		{7177AF0B-588F-4CD2-A174-5E2488DBD636}.Release|Mixed Platforms.Build.0 = Release|Any CPU
		{7177AF0B-588F-4CD2-A174-5E2488DBD636}.Release|x86.ActiveCfg = Release|Any CPU
		{7177AF0B-588F-4CD2-A174-5E2488DBD636}.Staging|Any CPU.ActiveCfg = Staging|Any CPU
		{7177AF0B-588F-4CD2-A174-5E2488DBD636}.Staging|Any CPU.Build.0 = Staging|Any CPU
		{7177AF0B-588F-4CD2-A174-5E2488DBD636}.Staging|Mixed Platforms.ActiveCfg = Staging|Any CPU
		{7177AF0B-588F-4CD2-A174-5E2488DBD636}.Staging|Mixed Platforms.Build.0 = Staging|Any CPU
		{7177AF0B-588F-4CD2-A174-5E2488DBD636}.Staging|x86.ActiveCfg = Staging|Any CPU
		{848EAE46-9397-439B-86BC-5799B366EF61}.Debug|Any CPU.ActiveCfg = Debug|Any CPU
		{848EAE46-9397-439B-86BC-5799B366EF61}.Debug|Any CPU.Build.0 = Debug|Any CPU
		{848EAE46-9397-439B-86BC-5799B366EF61}.Debug|Mixed Platforms.ActiveCfg = Debug|Any CPU
		{848EAE46-9397-439B-86BC-5799B366EF61}.Debug|Mixed Platforms.Build.0 = Debug|Any CPU
		{848EAE46-9397-439B-86BC-5799B366EF61}.Debug|x86.ActiveCfg = Debug|Any CPU
		{848EAE46-9397-439B-86BC-5799B366EF61}.GGK|Any CPU.ActiveCfg = Staging|Any CPU
		{848EAE46-9397-439B-86BC-5799B366EF61}.GGK|Any CPU.Build.0 = Staging|Any CPU
		{848EAE46-9397-439B-86BC-5799B366EF61}.GGK|Mixed Platforms.ActiveCfg = Staging|Any CPU
		{848EAE46-9397-439B-86BC-5799B366EF61}.GGK|Mixed Platforms.Build.0 = Staging|Any CPU
		{848EAE46-9397-439B-86BC-5799B366EF61}.GGK|x86.ActiveCfg = Staging|Any CPU
		{848EAE46-9397-439B-86BC-5799B366EF61}.Release|Any CPU.ActiveCfg = Release|Any CPU
		{848EAE46-9397-439B-86BC-5799B366EF61}.Release|Any CPU.Build.0 = Release|Any CPU
		{848EAE46-9397-439B-86BC-5799B366EF61}.Release|Mixed Platforms.ActiveCfg = Release|Any CPU
		{848EAE46-9397-439B-86BC-5799B366EF61}.Release|Mixed Platforms.Build.0 = Release|Any CPU
		{848EAE46-9397-439B-86BC-5799B366EF61}.Release|x86.ActiveCfg = Release|Any CPU
		{848EAE46-9397-439B-86BC-5799B366EF61}.Staging|Any CPU.ActiveCfg = Staging|Any CPU
		{848EAE46-9397-439B-86BC-5799B366EF61}.Staging|Any CPU.Build.0 = Staging|Any CPU
		{848EAE46-9397-439B-86BC-5799B366EF61}.Staging|Mixed Platforms.ActiveCfg = Staging|Any CPU
		{848EAE46-9397-439B-86BC-5799B366EF61}.Staging|Mixed Platforms.Build.0 = Staging|Any CPU
		{848EAE46-9397-439B-86BC-5799B366EF61}.Staging|x86.ActiveCfg = Staging|Any CPU
		{1C760F31-B468-4F6B-AB45-7EF0BB7CAB9B}.Debug|Any CPU.ActiveCfg = Debug|Any CPU
		{1C760F31-B468-4F6B-AB45-7EF0BB7CAB9B}.Debug|Any CPU.Build.0 = Debug|Any CPU
		{1C760F31-B468-4F6B-AB45-7EF0BB7CAB9B}.Debug|Mixed Platforms.ActiveCfg = Debug|Any CPU
		{1C760F31-B468-4F6B-AB45-7EF0BB7CAB9B}.Debug|Mixed Platforms.Build.0 = Debug|Any CPU
		{1C760F31-B468-4F6B-AB45-7EF0BB7CAB9B}.Debug|x86.ActiveCfg = Debug|Any CPU
		{1C760F31-B468-4F6B-AB45-7EF0BB7CAB9B}.GGK|Any CPU.ActiveCfg = GGK|Any CPU
		{1C760F31-B468-4F6B-AB45-7EF0BB7CAB9B}.GGK|Any CPU.Build.0 = GGK|Any CPU
		{1C760F31-B468-4F6B-AB45-7EF0BB7CAB9B}.GGK|Mixed Platforms.ActiveCfg = GGK|Any CPU
		{1C760F31-B468-4F6B-AB45-7EF0BB7CAB9B}.GGK|Mixed Platforms.Build.0 = GGK|Any CPU
		{1C760F31-B468-4F6B-AB45-7EF0BB7CAB9B}.GGK|x86.ActiveCfg = GGK|Any CPU
		{1C760F31-B468-4F6B-AB45-7EF0BB7CAB9B}.Release|Any CPU.ActiveCfg = Release|Any CPU
		{1C760F31-B468-4F6B-AB45-7EF0BB7CAB9B}.Release|Any CPU.Build.0 = Release|Any CPU
		{1C760F31-B468-4F6B-AB45-7EF0BB7CAB9B}.Release|Mixed Platforms.ActiveCfg = Release|Any CPU
		{1C760F31-B468-4F6B-AB45-7EF0BB7CAB9B}.Release|Mixed Platforms.Build.0 = Release|Any CPU
		{1C760F31-B468-4F6B-AB45-7EF0BB7CAB9B}.Release|x86.ActiveCfg = Release|Any CPU
		{1C760F31-B468-4F6B-AB45-7EF0BB7CAB9B}.Staging|Any CPU.ActiveCfg = Staging|Any CPU
		{1C760F31-B468-4F6B-AB45-7EF0BB7CAB9B}.Staging|Any CPU.Build.0 = Staging|Any CPU
		{1C760F31-B468-4F6B-AB45-7EF0BB7CAB9B}.Staging|Mixed Platforms.ActiveCfg = Staging|Any CPU
		{1C760F31-B468-4F6B-AB45-7EF0BB7CAB9B}.Staging|Mixed Platforms.Build.0 = Staging|Any CPU
		{1C760F31-B468-4F6B-AB45-7EF0BB7CAB9B}.Staging|x86.ActiveCfg = Staging|Any CPU
		{67CBC824-A49E-4E9B-A947-360F3DFE65C3}.Debug|Any CPU.ActiveCfg = Debug|Any CPU
		{67CBC824-A49E-4E9B-A947-360F3DFE65C3}.Debug|Any CPU.Build.0 = Debug|Any CPU
		{67CBC824-A49E-4E9B-A947-360F3DFE65C3}.Debug|Any CPU.Deploy.0 = Debug|Any CPU
		{67CBC824-A49E-4E9B-A947-360F3DFE65C3}.Debug|Mixed Platforms.ActiveCfg = Debug|Any CPU
		{67CBC824-A49E-4E9B-A947-360F3DFE65C3}.Debug|Mixed Platforms.Build.0 = Debug|Any CPU
		{67CBC824-A49E-4E9B-A947-360F3DFE65C3}.Debug|Mixed Platforms.Deploy.0 = Debug|Any CPU
		{67CBC824-A49E-4E9B-A947-360F3DFE65C3}.Debug|x86.ActiveCfg = Debug|Any CPU
		{67CBC824-A49E-4E9B-A947-360F3DFE65C3}.GGK|Any CPU.ActiveCfg = Staging|Any CPU
		{67CBC824-A49E-4E9B-A947-360F3DFE65C3}.GGK|Any CPU.Build.0 = Staging|Any CPU
		{67CBC824-A49E-4E9B-A947-360F3DFE65C3}.GGK|Any CPU.Deploy.0 = Staging|Any CPU
		{67CBC824-A49E-4E9B-A947-360F3DFE65C3}.GGK|Mixed Platforms.ActiveCfg = Staging|Any CPU
		{67CBC824-A49E-4E9B-A947-360F3DFE65C3}.GGK|Mixed Platforms.Build.0 = Staging|Any CPU
		{67CBC824-A49E-4E9B-A947-360F3DFE65C3}.GGK|Mixed Platforms.Deploy.0 = Staging|Any CPU
		{67CBC824-A49E-4E9B-A947-360F3DFE65C3}.GGK|x86.ActiveCfg = Staging|Any CPU
		{67CBC824-A49E-4E9B-A947-360F3DFE65C3}.Release|Any CPU.ActiveCfg = Release|Any CPU
		{67CBC824-A49E-4E9B-A947-360F3DFE65C3}.Release|Any CPU.Build.0 = Release|Any CPU
		{67CBC824-A49E-4E9B-A947-360F3DFE65C3}.Release|Any CPU.Deploy.0 = Release|Any CPU
		{67CBC824-A49E-4E9B-A947-360F3DFE65C3}.Release|Mixed Platforms.ActiveCfg = Release|Any CPU
		{67CBC824-A49E-4E9B-A947-360F3DFE65C3}.Release|Mixed Platforms.Build.0 = Release|Any CPU
		{67CBC824-A49E-4E9B-A947-360F3DFE65C3}.Release|Mixed Platforms.Deploy.0 = Release|Any CPU
		{67CBC824-A49E-4E9B-A947-360F3DFE65C3}.Release|x86.ActiveCfg = Release|Any CPU
		{67CBC824-A49E-4E9B-A947-360F3DFE65C3}.Staging|Any CPU.ActiveCfg = Staging|Any CPU
		{67CBC824-A49E-4E9B-A947-360F3DFE65C3}.Staging|Any CPU.Build.0 = Staging|Any CPU
		{67CBC824-A49E-4E9B-A947-360F3DFE65C3}.Staging|Any CPU.Deploy.0 = Staging|Any CPU
		{67CBC824-A49E-4E9B-A947-360F3DFE65C3}.Staging|Mixed Platforms.ActiveCfg = Staging|Any CPU
		{67CBC824-A49E-4E9B-A947-360F3DFE65C3}.Staging|Mixed Platforms.Build.0 = Staging|Any CPU
		{67CBC824-A49E-4E9B-A947-360F3DFE65C3}.Staging|Mixed Platforms.Deploy.0 = Staging|Any CPU
		{67CBC824-A49E-4E9B-A947-360F3DFE65C3}.Staging|x86.ActiveCfg = Staging|Any CPU
		{194AB1D3-45A9-4B60-B9A0-03CAA749331C}.Debug|Any CPU.ActiveCfg = Debug|Any CPU
		{194AB1D3-45A9-4B60-B9A0-03CAA749331C}.Debug|Any CPU.Build.0 = Debug|Any CPU
		{194AB1D3-45A9-4B60-B9A0-03CAA749331C}.Debug|Mixed Platforms.ActiveCfg = Debug|Any CPU
		{194AB1D3-45A9-4B60-B9A0-03CAA749331C}.Debug|Mixed Platforms.Build.0 = Debug|Any CPU
		{194AB1D3-45A9-4B60-B9A0-03CAA749331C}.Debug|x86.ActiveCfg = Debug|Any CPU
		{194AB1D3-45A9-4B60-B9A0-03CAA749331C}.GGK|Any CPU.ActiveCfg = Release|Any CPU
		{194AB1D3-45A9-4B60-B9A0-03CAA749331C}.GGK|Any CPU.Build.0 = Release|Any CPU
		{194AB1D3-45A9-4B60-B9A0-03CAA749331C}.GGK|Mixed Platforms.ActiveCfg = Release|Any CPU
		{194AB1D3-45A9-4B60-B9A0-03CAA749331C}.GGK|Mixed Platforms.Build.0 = Release|Any CPU
		{194AB1D3-45A9-4B60-B9A0-03CAA749331C}.GGK|x86.ActiveCfg = Release|Any CPU
		{194AB1D3-45A9-4B60-B9A0-03CAA749331C}.Release|Any CPU.ActiveCfg = Release|Any CPU
		{194AB1D3-45A9-4B60-B9A0-03CAA749331C}.Release|Any CPU.Build.0 = Release|Any CPU
		{194AB1D3-45A9-4B60-B9A0-03CAA749331C}.Release|Mixed Platforms.ActiveCfg = Release|Any CPU
		{194AB1D3-45A9-4B60-B9A0-03CAA749331C}.Release|Mixed Platforms.Build.0 = Release|Any CPU
		{194AB1D3-45A9-4B60-B9A0-03CAA749331C}.Release|x86.ActiveCfg = Release|Any CPU
		{194AB1D3-45A9-4B60-B9A0-03CAA749331C}.Staging|Any CPU.ActiveCfg = Release|Any CPU
		{194AB1D3-45A9-4B60-B9A0-03CAA749331C}.Staging|Any CPU.Build.0 = Release|Any CPU
		{194AB1D3-45A9-4B60-B9A0-03CAA749331C}.Staging|Mixed Platforms.ActiveCfg = Release|Any CPU
		{194AB1D3-45A9-4B60-B9A0-03CAA749331C}.Staging|Mixed Platforms.Build.0 = Release|Any CPU
		{194AB1D3-45A9-4B60-B9A0-03CAA749331C}.Staging|x86.ActiveCfg = Release|Any CPU
		{E4D89D48-041A-4E7B-90FE-960ECB08210A}.Debug|Any CPU.ActiveCfg = Debug|Any CPU
		{E4D89D48-041A-4E7B-90FE-960ECB08210A}.Debug|Any CPU.Build.0 = Debug|Any CPU
		{E4D89D48-041A-4E7B-90FE-960ECB08210A}.Debug|Mixed Platforms.ActiveCfg = Debug|Any CPU
		{E4D89D48-041A-4E7B-90FE-960ECB08210A}.Debug|Mixed Platforms.Build.0 = Debug|Any CPU
		{E4D89D48-041A-4E7B-90FE-960ECB08210A}.Debug|x86.ActiveCfg = Debug|Any CPU
		{E4D89D48-041A-4E7B-90FE-960ECB08210A}.GGK|Any CPU.ActiveCfg = Release|Any CPU
		{E4D89D48-041A-4E7B-90FE-960ECB08210A}.GGK|Any CPU.Build.0 = Release|Any CPU
		{E4D89D48-041A-4E7B-90FE-960ECB08210A}.GGK|Mixed Platforms.ActiveCfg = Release|Any CPU
		{E4D89D48-041A-4E7B-90FE-960ECB08210A}.GGK|Mixed Platforms.Build.0 = Release|Any CPU
		{E4D89D48-041A-4E7B-90FE-960ECB08210A}.GGK|x86.ActiveCfg = Release|Any CPU
		{E4D89D48-041A-4E7B-90FE-960ECB08210A}.Release|Any CPU.ActiveCfg = Release|Any CPU
		{E4D89D48-041A-4E7B-90FE-960ECB08210A}.Release|Any CPU.Build.0 = Release|Any CPU
		{E4D89D48-041A-4E7B-90FE-960ECB08210A}.Release|Mixed Platforms.ActiveCfg = Release|Any CPU
		{E4D89D48-041A-4E7B-90FE-960ECB08210A}.Release|Mixed Platforms.Build.0 = Release|Any CPU
		{E4D89D48-041A-4E7B-90FE-960ECB08210A}.Release|x86.ActiveCfg = Release|Any CPU
		{E4D89D48-041A-4E7B-90FE-960ECB08210A}.Staging|Any CPU.ActiveCfg = Release|Any CPU
		{E4D89D48-041A-4E7B-90FE-960ECB08210A}.Staging|Any CPU.Build.0 = Release|Any CPU
		{E4D89D48-041A-4E7B-90FE-960ECB08210A}.Staging|Mixed Platforms.ActiveCfg = Release|Any CPU
		{E4D89D48-041A-4E7B-90FE-960ECB08210A}.Staging|Mixed Platforms.Build.0 = Release|Any CPU
		{E4D89D48-041A-4E7B-90FE-960ECB08210A}.Staging|x86.ActiveCfg = Release|Any CPU
		{C185415D-8756-4F35-B512-61E785062658}.Debug|Any CPU.ActiveCfg = Debug|Any CPU
		{C185415D-8756-4F35-B512-61E785062658}.Debug|Any CPU.Build.0 = Debug|Any CPU
		{C185415D-8756-4F35-B512-61E785062658}.Debug|Mixed Platforms.ActiveCfg = Debug|Any CPU
		{C185415D-8756-4F35-B512-61E785062658}.Debug|Mixed Platforms.Build.0 = Debug|Any CPU
		{C185415D-8756-4F35-B512-61E785062658}.Debug|x86.ActiveCfg = Debug|Any CPU
		{C185415D-8756-4F35-B512-61E785062658}.GGK|Any CPU.ActiveCfg = Release|Any CPU
		{C185415D-8756-4F35-B512-61E785062658}.GGK|Any CPU.Build.0 = Release|Any CPU
		{C185415D-8756-4F35-B512-61E785062658}.GGK|Mixed Platforms.ActiveCfg = Release|Any CPU
		{C185415D-8756-4F35-B512-61E785062658}.GGK|Mixed Platforms.Build.0 = Release|Any CPU
		{C185415D-8756-4F35-B512-61E785062658}.GGK|x86.ActiveCfg = Release|Any CPU
		{C185415D-8756-4F35-B512-61E785062658}.Release|Any CPU.ActiveCfg = Release|Any CPU
		{C185415D-8756-4F35-B512-61E785062658}.Release|Any CPU.Build.0 = Release|Any CPU
		{C185415D-8756-4F35-B512-61E785062658}.Release|Mixed Platforms.ActiveCfg = Release|Any CPU
		{C185415D-8756-4F35-B512-61E785062658}.Release|Mixed Platforms.Build.0 = Release|Any CPU
		{C185415D-8756-4F35-B512-61E785062658}.Release|x86.ActiveCfg = Release|Any CPU
		{C185415D-8756-4F35-B512-61E785062658}.Staging|Any CPU.ActiveCfg = Release|Any CPU
		{C185415D-8756-4F35-B512-61E785062658}.Staging|Any CPU.Build.0 = Release|Any CPU
		{C185415D-8756-4F35-B512-61E785062658}.Staging|Mixed Platforms.ActiveCfg = Release|Any CPU
		{C185415D-8756-4F35-B512-61E785062658}.Staging|Mixed Platforms.Build.0 = Release|Any CPU
		{C185415D-8756-4F35-B512-61E785062658}.Staging|x86.ActiveCfg = Release|Any CPU
		{7E015574-4086-44CC-9CAE-97C03A296330}.Debug|Any CPU.ActiveCfg = Debug|Any CPU
		{7E015574-4086-44CC-9CAE-97C03A296330}.Debug|Any CPU.Build.0 = Debug|Any CPU
		{7E015574-4086-44CC-9CAE-97C03A296330}.Debug|Mixed Platforms.ActiveCfg = Debug|Any CPU
		{7E015574-4086-44CC-9CAE-97C03A296330}.Debug|Mixed Platforms.Build.0 = Debug|Any CPU
		{7E015574-4086-44CC-9CAE-97C03A296330}.Debug|x86.ActiveCfg = Debug|Any CPU
		{7E015574-4086-44CC-9CAE-97C03A296330}.GGK|Any CPU.ActiveCfg = Release|Any CPU
		{7E015574-4086-44CC-9CAE-97C03A296330}.GGK|Any CPU.Build.0 = Release|Any CPU
		{7E015574-4086-44CC-9CAE-97C03A296330}.GGK|Mixed Platforms.ActiveCfg = Release|Any CPU
		{7E015574-4086-44CC-9CAE-97C03A296330}.GGK|Mixed Platforms.Build.0 = Release|Any CPU
		{7E015574-4086-44CC-9CAE-97C03A296330}.GGK|x86.ActiveCfg = Release|Any CPU
		{7E015574-4086-44CC-9CAE-97C03A296330}.Release|Any CPU.ActiveCfg = Release|Any CPU
		{7E015574-4086-44CC-9CAE-97C03A296330}.Release|Any CPU.Build.0 = Release|Any CPU
		{7E015574-4086-44CC-9CAE-97C03A296330}.Release|Mixed Platforms.ActiveCfg = Release|Any CPU
		{7E015574-4086-44CC-9CAE-97C03A296330}.Release|Mixed Platforms.Build.0 = Release|Any CPU
		{7E015574-4086-44CC-9CAE-97C03A296330}.Release|x86.ActiveCfg = Release|Any CPU
		{7E015574-4086-44CC-9CAE-97C03A296330}.Staging|Any CPU.ActiveCfg = Release|Any CPU
		{7E015574-4086-44CC-9CAE-97C03A296330}.Staging|Any CPU.Build.0 = Release|Any CPU
		{7E015574-4086-44CC-9CAE-97C03A296330}.Staging|Mixed Platforms.ActiveCfg = Release|Any CPU
		{7E015574-4086-44CC-9CAE-97C03A296330}.Staging|Mixed Platforms.Build.0 = Release|Any CPU
		{7E015574-4086-44CC-9CAE-97C03A296330}.Staging|x86.ActiveCfg = Release|Any CPU
		{243269A9-1061-40B4-886A-4549FE156554}.Debug|Any CPU.ActiveCfg = Debug|Any CPU
		{243269A9-1061-40B4-886A-4549FE156554}.Debug|Any CPU.Build.0 = Debug|Any CPU
		{243269A9-1061-40B4-886A-4549FE156554}.Debug|Mixed Platforms.ActiveCfg = Debug|Any CPU
		{243269A9-1061-40B4-886A-4549FE156554}.Debug|Mixed Platforms.Build.0 = Debug|Any CPU
		{243269A9-1061-40B4-886A-4549FE156554}.Debug|x86.ActiveCfg = Debug|Any CPU
		{243269A9-1061-40B4-886A-4549FE156554}.GGK|Any CPU.ActiveCfg = Release|Any CPU
		{243269A9-1061-40B4-886A-4549FE156554}.GGK|Any CPU.Build.0 = Release|Any CPU
		{243269A9-1061-40B4-886A-4549FE156554}.GGK|Mixed Platforms.ActiveCfg = Release|Any CPU
		{243269A9-1061-40B4-886A-4549FE156554}.GGK|Mixed Platforms.Build.0 = Release|Any CPU
		{243269A9-1061-40B4-886A-4549FE156554}.GGK|x86.ActiveCfg = Release|Any CPU
		{243269A9-1061-40B4-886A-4549FE156554}.Release|Any CPU.ActiveCfg = Release|Any CPU
		{243269A9-1061-40B4-886A-4549FE156554}.Release|Any CPU.Build.0 = Release|Any CPU
		{243269A9-1061-40B4-886A-4549FE156554}.Release|Mixed Platforms.ActiveCfg = Release|Any CPU
		{243269A9-1061-40B4-886A-4549FE156554}.Release|Mixed Platforms.Build.0 = Release|Any CPU
		{243269A9-1061-40B4-886A-4549FE156554}.Release|x86.ActiveCfg = Release|Any CPU
		{243269A9-1061-40B4-886A-4549FE156554}.Staging|Any CPU.ActiveCfg = Release|Any CPU
		{243269A9-1061-40B4-886A-4549FE156554}.Staging|Any CPU.Build.0 = Release|Any CPU
		{243269A9-1061-40B4-886A-4549FE156554}.Staging|Mixed Platforms.ActiveCfg = Release|Any CPU
		{243269A9-1061-40B4-886A-4549FE156554}.Staging|Mixed Platforms.Build.0 = Release|Any CPU
		{243269A9-1061-40B4-886A-4549FE156554}.Staging|x86.ActiveCfg = Release|Any CPU
	EndGlobalSection
	GlobalSection(SolutionProperties) = preSolution
		HideSolutionNode = FALSE
	EndGlobalSection
EndGlobal

